
Microsoft Visual Studio Solution File, Format Version 12.00
# Visual Studio Version 16
VisualStudioVersion = 16.0.30711.63
MinimumVisualStudioVersion = 10.0.40219.1
Project("{FAE04EC0-301F-11D3-BF4B-00C04F79EFBC}") = "EmployeesDB", "EmployeesDB\EmployeesDB.csproj", "{642B0FB4-C00E-4E7E-8DAE-5A5FCBD792D3}"
EndProject
Global
	GlobalSection(SolutionConfigurationPlatforms) = preSolution
		Debug|Any CPU = Debug|Any CPU
		Release|Any CPU = Release|Any CPU
	EndGlobalSection
	GlobalSection(ProjectConfigurationPlatforms) = postSolution
		{642B0FB4-C00E-4E7E-8DAE-5A5FCBD792D3}.Debug|Any CPU.ActiveCfg = Debug|Any CPU
		{642B0FB4-C00E-4E7E-8DAE-5A5FCBD792D3}.Debug|Any CPU.Build.0 = Debug|Any CPU
		{642B0FB4-C00E-4E7E-8DAE-5A5FCBD792D3}.Release|Any CPU.ActiveCfg = Release|Any CPU
		{642B0FB4-C00E-4E7E-8DAE-5A5FCBD792D3}.Release|Any CPU.Build.0 = Release|Any CPU
	EndGlobalSection
	GlobalSection(SolutionProperties) = preSolution
		HideSolutionNode = FALSE
	EndGlobalSection
	GlobalSection(ExtensibilityGlobals) = postSolution
		SolutionGuid = {59598D0C-4AE5-4869-97F2-1BAE32B5168A}
	EndGlobalSection
EndGlobal
